
Microsoft Visual Studio Solution File, Format Version 12.00
# Visual Studio Version 17
VisualStudioVersion = 17.5.002.0
MinimumVisualStudioVersion = 10.0.40219.1
Project("{9A19103F-16F7-4668-BE54-9A1E7A4F7556}") = "LH-Pets", "LH-Pets.csproj", "{3EF67FA8-87ED-49C4-AA0B-248AE77DCAFC}"
EndProject
Global
	GlobalSection(SolutionConfigurationPlatforms) = preSolution
		Debug|Any CPU = Debug|Any CPU
		Release|Any CPU = Release|Any CPU
	EndGlobalSection
	GlobalSection(ProjectConfigurationPlatforms) = postSolution
		{3EF67FA8-87ED-49C4-AA0B-248AE77DCAFC}.Debug|Any CPU.ActiveCfg = Debug|Any CPU
		{3EF67FA8-87ED-49C4-AA0B-248AE77DCAFC}.Debug|Any CPU.Build.0 = Debug|Any CPU
		{3EF67FA8-87ED-49C4-AA0B-248AE77DCAFC}.Release|Any CPU.ActiveCfg = Release|Any CPU
		{3EF67FA8-87ED-49C4-AA0B-248AE77DCAFC}.Release|Any CPU.Build.0 = Release|Any CPU
	EndGlobalSection
	GlobalSection(SolutionProperties) = preSolution
		HideSolutionNode = FALSE
	EndGlobalSection
	GlobalSection(ExtensibilityGlobals) = postSolution
		SolutionGuid = {56C1B5F1-C3E7-4C62-9C8E-58FD6B994F11}
	EndGlobalSection
EndGlobal
